// !$*UTF8*$!
{
	archiveVersion = 1;
	classes = {
	};
	objectVersion = 50;
	objects = {

/* Begin PBXBuildFile section */
		BAFB599E233AAEF5006B70E0 /* AppDelegate.swift in Sources */ = {isa = PBXBuildFile; fileRef = BAFB599D233AAEF5006B70E0 /* AppDelegate.swift */; };
		BAFB59A0233AAEF5006B70E0 /* ViewController.swift in Sources */ = {isa = PBXBuildFile; fileRef = BAFB599F233AAEF5006B70E0 /* ViewController.swift */; };
		BAFB59A3233AAEF5006B70E0 /* Main.storyboard in Resources */ = {isa = PBXBuildFile; fileRef = BAFB59A1233AAEF5006B70E0 /* Main.storyboard */; };
		BAFB59A5233AAEF6006B70E0 /* Assets.xcassets in Resources */ = {isa = PBXBuildFile; fileRef = BAFB59A4233AAEF6006B70E0 /* Assets.xcassets */; };
		BAFB59A8233AAEF6006B70E0 /* LaunchScreen.storyboard in Resources */ = {isa = PBXBuildFile; fileRef = BAFB59A6233AAEF6006B70E0 /* LaunchScreen.storyboard */; };
/* End PBXBuildFile section */

/* Begin PBXFileReference section */
		BAFB599A233AAEF5006B70E0 /* ComplicatedJSONParsing.app */ = {isa = PBXFileReference; explicitFileType = wrapper.application; includeInIndex = 0; path = ComplicatedJSONParsing.app; sourceTree = BUILT_PRODUCTS_DIR; };
		BAFB599D233AAEF5006B70E0 /* AppDelegate.swift */ = {isa = PBXFileReference; lastKnownFileType = sourcecode.swift; path = AppDelegate.swift; sourceTree = "<group>"; };
		BAFB599F233AAEF5006B70E0 /* ViewController.swift */ = {isa = PBXFileReference; lastKnownFileType = sourcecode.swift; path = ViewController.swift; sourceTree = "<group>"; };
		BAFB59A2233AAEF5006B70E0 /* Base */ = {isa = PBXFileReference; lastKnownFileType = file.storyboard; name = Base; path = Base.lproj/Main.storyboard; sourceTree = "<group>"; };
		BAFB59A4233AAEF6006B70E0 /* Assets.xcassets */ = {isa = PBXFileReference; lastKnownFileType = folder.assetcatalog; path = Assets.xcassets; sourceTree = "<group>"; };
		BAFB59A7233AAEF6006B70E0 /* Base */ = {isa = PBXFileReference; lastKnownFileType = file.storyboard; name = Base; path = Base.lproj/LaunchScreen.storyboard; sourceTree = "<group>"; };
		BAFB59A9233AAEF6006B70E0 /* Info.plist */ = {isa = PBXFileReference; lastKnownFileType = text.plist.xml; path = Info.plist; sourceTree = "<group>"; };
/* End PBXFileReference section */

/* Begin PBXFrameworksBuildPhase section */
		BAFB5997233AAEF5006B70E0 /* Frameworks */ = {
			isa = PBXFrameworksBuildPhase;
			buildActionMask = 2147483647;
			files = (
			);
			runOnlyForDeploymentPostprocessing = 0;
		};
/* End PBXFrameworksBuildPhase section */

/* Begin PBXGroup section */
		BAFB5991233AAEF5006B70E0 = {
			isa = PBXGroup;
			children = (
				BAFB599C233AAEF5006B70E0 /* ComplicatedJSONParsing */,
				BAFB599B233AAEF5006B70E0 /* Products */,
			);
			sourceTree = "<group>";
		};
		BAFB599B233AAEF5006B70E0 /* Products */ = {
			isa = PBXGroup;
			children = (
				BAFB599A233AAEF5006B70E0 /* ComplicatedJSONParsing.app */,
			);
			name = Products;
			sourceTree = "<group>";
		};
		BAFB599C233AAEF5006B70E0 /* ComplicatedJSONParsing */ = {
			isa = PBXGroup;
			children = (
				BAFB599D233AAEF5006B70E0 /* AppDelegate.swift */,
				BAFB599F233AAEF5006B70E0 /* ViewController.swift */,
				BAFB59A1233AAEF5006B70E0 /* Main.storyboard */,
				BAFB59A4233AAEF6006B70E0 /* Assets.xcassets */,
				BAFB59A6233AAEF6006B70E0 /* LaunchScreen.storyboard */,
				BAFB59A9233AAEF6006B70E0 /* Info.plist */,
			);
			path = ComplicatedJSONParsing;
			sourceTree = "<group>";
		};
/* End PBXGroup section */

/* Begin PBXNativeTarget section */
		BAFB5999233AAEF5006B70E0 /* ComplicatedJSONParsing */ = {
			isa = PBXNativeTarget;
			buildConfigurationList = BAFB59AC233AAEF6006B70E0 /* Build configuration list for PBXNativeTarget "ComplicatedJSONParsing" */;
			buildPhases = (
				BAFB5996233AAEF5006B70E0 /* Sources */,
				BAFB5997233AAEF5006B70E0 /* Frameworks */,
				BAFB5998233AAEF5006B70E0 /* Resources */,
			);
			buildRules = (
			);
			dependencies = (
			);
			name = ComplicatedJSONParsing;
			productName = ComplicatedJSONParsing;
			productReference = BAFB599A233AAEF5006B70E0 /* ComplicatedJSONParsing.app */;
			productType = "com.apple.product-type.application";
		};
/* End PBXNativeTarget section */

/* Begin PBXProject section */
		BAFB5992233AAEF5006B70E0 /* Project object */ = {
			isa = PBXProject;
			attributes = {
				LastSwiftUpdateCheck = 1020;
				LastUpgradeCheck = 1020;
				ORGANIZATIONNAME = Mohamed74;
				TargetAttributes = {
					BAFB5999233AAEF5006B70E0 = {
						CreatedOnToolsVersion = 10.2;
					};
				};
			};
			buildConfigurationList = BAFB5995233AAEF5006B70E0 /* Build configuration list for PBXProject "ComplicatedJSONParsing" */;
			compatibilityVersion = "Xcode 9.3";
			developmentRegion = en;
			hasScannedForEncodings = 0;
			knownRegions = (
				en,
				Base,
			);
			mainGroup = BAFB5991233AAEF5006B70E0;
			productRefGroup = BAFB599B233AAEF5006B70E0 /* Products */;
			projectDirPath = "";
			projectRoot = "";
			targets = (
				BAFB5999233AAEF5006B70E0 /* ComplicatedJSONParsing */,
			);
		};
/* End PBXProject section */

/* Begin PBXResourcesBuildPhase section */
		BAFB5998233AAEF5006B70E0 /* Resources */ = {
			isa = PBXResourcesBuildPhase;
			buildActionMask = 2147483647;
			files = (
				BAFB59A8233AAEF6006B70E0 /* LaunchScreen.storyboard in Resources */,
				BAFB59A5233AAEF6006B70E0 /* Assets.xcassets in Resources */,
				BAFB59A3233AAEF5006B70E0 /* Main.storyboard in Resources */,
			);
			runOnlyForDeploymentPostprocessing = 0;
		};
/* End PBXResourcesBuildPhase section */

/* Begin PBXSourcesBuildPhase section */
		BAFB5996233AAEF5006B70E0 /* Sources */ = {
			isa = PBXSourcesBuildPhase;
			buildActionMask = 2147483647;
			files = (
				BAFB59A0233AAEF5006B70E0 /* ViewController.swift in Sources */,
				BAFB599E233AAEF5006B70E0 /* AppDelegate.swift in Sources */,
			);
			runOnlyForDeploymentPostprocessing = 0;
		};
/* End PBXSourcesBuildPhase section */

/* Begin PBXVariantGroup section */
		BAFB59A1233AAEF5006B70E0 /* Main.storyboard */ = {
			isa = PBXVariantGroup;
			children = (
				BAFB59A2233AAEF5006B70E0 /* Base */,
			);
			name = Main.storyboard;
			sourceTree = "<group>";
		};
		BAFB59A6233AAEF6006B70E0 /* LaunchScreen.storyboard */ = {
			isa = PBXVariantGroup;
			children = (
				BAFB59A7233AAEF6006B70E0 /* Base */,
			);
			name = LaunchScreen.storyboard;
			sourceTree = "<group>";
		};
/* End PBXVariantGroup section */

/* Begin XCBuildConfiguration section */
		BAFB59AA233AAEF6006B70E0 /* Debug */ = {
			isa = XCBuildConfiguration;
			buildSettings = {
				ALWAYS_SEARCH_USER_PATHS = NO;
				CLANG_ANALYZER_NONNULL = YES;
				CLANG_ANALYZER_NUMBER_OBJECT_CONVERSION = YES_AGGRESSIVE;
				CLANG_CXX_LANGUAGE_STANDARD = "gnu++14";
				CLANG_CXX_LIBRARY = "libc++";
				CLANG_ENABLE_MODULES = YES;
				CLANG_ENABLE_OBJC_ARC = YES;
				CLANG_ENABLE_OBJC_WEAK = YES;
				CLANG_WARN_BLOCK_CAPTURE_AUTORELEASING = YES;
				CLANG_WARN_BOOL_CONVERSION = YES;
				CLANG_WARN_COMMA = YES;
				CLANG_WARN_CONSTANT_CONVERSION = YES;
				CLANG_WARN_DEPRECATED_OBJC_IMPLEMENTATIONS = YES;
				CLANG_WARN_DIRECT_OBJC_ISA_USAGE = YES_ERROR;
				CLANG_WARN_DOCUMENTATION_COMMENTS = YES;
				CLANG_WARN_EMPTY_BODY = YES;
				CLANG_WARN_ENUM_CONVERSION = YES;
				CLANG_WARN_INFINITE_RECURSION = YES;
				CLANG_WARN_INT_CONVERSION = YES;
				CLANG_WARN_NON_LITERAL_NULL_CONVERSION = YES;
				CLANG_WARN_OBJC_IMPLICIT_RETAIN_SELF = YES;
				CLANG_WARN_OBJC_LITERAL_CONVERSION = YES;
				CLANG_WARN_OBJC_ROOT_CLASS = YES_ERROR;
				CLANG_WARN_RANGE_LOOP_ANALYSIS = YES;
				CLANG_WARN_STRICT_PROTOTYPES = YES;
				CLANG_WARN_SUSPICIOUS_MOVE = YES;
				CLANG_WARN_UNGUARDED_AVAILABILITY = YES_AGGRESSIVE;
				CLANG_WARN_UNREACHABLE_CODE = YES;
				CLANG_WARN__DUPLICATE_METHOD_MATCH = YES;
				CODE_SIGN_IDENTITY = "iPhone Developer";
				COPY_PHASE_STRIP = NO;
				DEBUG_INFORMATION_FORMAT = dwarf;
				ENABLE_STRICT_OBJC_MSGSEND = YES;
				ENABLE_TESTABILITY = YES;
				GCC_C_LANGUAGE_STANDARD = gnu11;
				GCC_DYNAMIC_NO_PIC = NO;
				GCC_NO_COMMON_BLOCKS = YES;
				GCC_OPTIMIZATION_LEVEL = 0;
				GCC_PREPROCESSOR_DEFINITIONS = (
					"DEBUG=1",
					"$(inherited)",
				);
				GCC_WARN_64_TO_32_BIT_CONVERSION = YES;
				GCC_WARN_ABOUT_RETURN_TYPE = YES_ERROR;
				GCC_WARN_UNDECLARED_SELECTOR = YES;
				GCC_WARN_UNINITIALIZED_AUTOS = YES_AGGRESSIVE;
				GCC_WARN_UNUSED_FUNCTION = YES;
				GCC_WARN_UNUSED_VARIABLE = YES;
				IPHONEOS_DEPLOYMENT_TARGET = 12.2;
				MTL_ENABLE_DEBUG_INFO = INCLUDE_SOURCE;
				MTL_FAST_MATH = YES;
				ONLY_ACTIVE_ARCH = YES;
				SDKROOT = iphoneos;
				SWIFT_ACTIVE_COMPILATION_CONDITIONS = DEBUG;
				SWIFT_OPTIMIZATION_LEVEL = "-Onone";
			};
			name = Debug;
		};
		BAFB59AB233AAEF6006B70E0 /* Release */ = {
			isa = XCBuildConfiguration;
			buildSettings = {
				ALWAYS_SEARCH_USER_PATHS = NO;
				CLANG_ANALYZER_NONNULL = YES;
				CLANG_ANALYZER_NUMBER_OBJECT_CONVERSION = YES_AGGRESSIVE;
				CLANG_CXX_LANGUAGE_STANDARD = "gnu++14";
				CLANG_CXX_LIBRARY = "libc++";
				CLANG_ENABLE_MODULES = YES;
				CLANG_ENABLE_OBJC_ARC = YES;
				CLANG_ENABLE_OBJC_WEAK = YES;
				CLANG_WARN_BLOCK_CAPTURE_AUTORELEASING = YES;
				CLANG_WARN_BOOL_CONVERSION = YES;
				CLANG_WARN_COMMA = YES;
				CLANG_WARN_CONSTANT_CONVERSION = YES;
				CLANG_WARN_DEPRECATED_OBJC_IMPLEMENTATIONS = YES;
				CLANG_WARN_DIRECT_OBJC_ISA_USAGE = YES_ERROR;
				CLANG_WARN_DOCUMENTATION_COMMENTS = YES;
				CLANG_WARN_EMPTY_BODY = YES;
				CLANG_WARN_ENUM_CONVERSION = YES;
				CLANG_WARN_INFINITE_RECURSION = YES;
				CLANG_WARN_INT_CONVERSION = YES;
				CLANG_WARN_NON_LITERAL_NULL_CONVERSION = YES;
				CLANG_WARN_OBJC_IMPLICIT_RETAIN_SELF = YES;
				CLANG_WARN_OBJC_LITERAL_CONVERSION = YES;
				CLANG_WARN_OBJC_ROOT_CLASS = YES_ERROR;
				CLANG_WARN_RANGE_LOOP_ANALYSIS = YES;
				CLANG_WARN_STRICT_PROTOTYPES = YES;
				CLANG_WARN_SUSPICIOUS_MOVE = YES;
				CLANG_WARN_UNGUARDED_AVAILABILITY = YES_AGGRESSIVE;
				CLANG_WARN_UNREACHABLE_CODE = YES;
				CLANG_WARN__DUPLICATE_METHOD_MATCH = YES;
				CODE_SIGN_IDENTITY = "iPhone Developer";
				COPY_PHASE_STRIP = NO;
				DEBUG_INFORMATION_FORMAT = "dwarf-with-dsym";
				ENABLE_NS_ASSERTIONS = NO;
				ENABLE_STRICT_OBJC_MSGSEND = YES;
				GCC_C_LANGUAGE_STANDARD = gnu11;
				GCC_NO_COMMON_BLOCKS = YES;
				GCC_WARN_64_TO_32_BIT_CONVERSION = YES;
				GCC_WARN_ABOUT_RETURN_TYPE = YES_ERROR;
				GCC_WARN_UNDECLARED_SELECTOR = YES;
				GCC_WARN_UNINITIALIZED_AUTOS = YES_AGGRESSIVE;
				GCC_WARN_UNUSED_FUNCTION = YES;
				GCC_WARN_UNUSED_VARIABLE = YES;
				IPHONEOS_DEPLOYMENT_TARGET = 12.2;
				MTL_ENABLE_DEBUG_INFO = NO;
				MTL_FAST_MATH = YES;
				SDKROOT = iphoneos;
				SWIFT_COMPILATION_MODE = wholemodule;
				SWIFT_OPTIMIZATION_LEVEL = "-O";
				VALIDATE_PRODUCT = YES;
			};
			name = Release;
		};
		BAFB59AD233AAEF6006B70E0 /* Debug */ = {
			isa = XCBuildConfiguration;
			buildSettings = {
				ASSETCATALOG_COMPILER_APPICON_NAME = AppIcon;
				CODE_SIGN_STYLE = Automatic;
				INFOPLIST_FILE = ComplicatedJSONParsing/Info.plist;
				LD_RUNPATH_SEARCH_PATHS = (
					"$(inherited)",
					"@executable_path/Frameworks",
				);
				PRODUCT_BUNDLE_IDENTIFIER = "Mohamed-osama.ComplicatedJSONParsing";
				PRODUCT_NAME = "$(TARGET_NAME)";
				SWIFT_VERSION = 5.0;
				TARGETED_DEVICE_FAMILY = "1,2";
			};
			name = Debug;
		};
		BAFB59AE233AAEF6006B70E0 /* Release */ = {
			isa = XCBuildConfiguration;
			buildSettings = {
				ASSETCATALOG_COMPILER_APPICON_NAME = AppIcon;
				CODE_SIGN_STYLE = Automatic;
				INFOPLIST_FILE = ComplicatedJSONParsing/Info.plist;
				LD_RUNPATH_SEARCH_PATHS = (
					"$(inherited)",
					"@executable_path/Frameworks",
				);
				PRODUCT_BUNDLE_IDENTIFIER = "Mohamed-osama.ComplicatedJSONParsing";
				PRODUCT_NAME = "$(TARGET_NAME)";
				SWIFT_VERSION = 5.0;
				TARGETED_DEVICE_FAMILY = "1,2";
			};
			name = Release;
		};
/* End XCBuildConfiguration section */

/* Begin XCConfigurationList section */
		BAFB5995233AAEF5006B70E0 /* Build configuration list for PBXProject "ComplicatedJSONParsing" */ = {
			isa = XCConfigurationList;
			buildConfigurations = (
				BAFB59AA233AAEF6006B70E0 /* Debug */,
				BAFB59AB233AAEF6006B70E0 /* Release */,
			);
			defaultConfigurationIsVisible = 0;
			defaultConfigurationName = Release;
		};
		BAFB59AC233AAEF6006B70E0 /* Build configuration list for PBXNativeTarget "ComplicatedJSONParsing" */ = {
			isa = XCConfigurationList;
			buildConfigurations = (
				BAFB59AD233AAEF6006B70E0 /* Debug */,
				BAFB59AE233AAEF6006B70E0 /* Release */,
			);
			defaultConfigurationIsVisible = 0;
			defaultConfigurationName = Release;
		};
/* End XCConfigurationList section */
	};
	rootObject = BAFB5992233AAEF5006B70E0 /* Project object */;
}
